<?xml version="1.0" encoding="utf-8"?>
<Project ToolsVersion="4.0" xmlns="http://schemas.microsoft.com/developer/msbuild/2003">
  <ItemGroup>
    <Filter Include="Source Files">
      <UniqueIdentifier>{4FC737F1-C7A5-4376-A066-2A32D752A2FF}</UniqueIdentifier>
      <Extensions>cpp;c;cc;cxx;def;odl;idl;hpj;bat;asm;asmx</Extensions>
    </Filter>
    <Filter Include="Header Files">
      <UniqueIdentifier>{93995380-89BD-4b04-88EB-625FBE52EBFB}</UniqueIdentifier>
      <Extensions>h;hh;hpp;hxx;hm;inl;inc;xsd</Extensions>
    </Filter>
    <Filter Include="Resource Files">
      <UniqueIdentifier>{67DA6AB6-F800-4c08-8B7A-83BB121AAD01}</UniqueIdentifier>
      <Extensions>rc;ico;cur;bmp;dlg;rc2;rct;bin;rgs;gif;jpg;jpeg;jpe;resx;tiff;tif;png;wav;mfcribbon-ms</Extensions>
    </Filter>
  </ItemGroup>
  <ItemGroup>
    <ClCompile Include="PCX2_agent_server.cc">
      <Filter>Source Files</Filter>
    </ClCompile>
    <ClCompile Include="main_game_agent.cc">
      <Filter>Source Files</Filter>
    </ClCompile>
    <ClCompile Include="main_game_capture.cc">
      <Filter>Source Files</Filter>
    </ClCompile>
  </ItemGroup>
  <ItemGroup>
    <Library Include="tf\Release64\tf_all.lib" />
    <Library Include="tf\Release64\libprotobuf-lite.lib" />
    <Library Include="tf\Release64\libpng12_static.lib" />
    <Library Include="tf\Release64\libjpeg.lib" />
    <Library Include="tf\Release64\grpc++_unsecure.lib" />
    <Library Include="tf\Release64\grpc_unsecure.lib" />
    <Library Include="tf\Release64\gpr.lib" />
    <Library Include="tf\Release64\libprotobuf.lib" />
    <Library Include="tf\Release64\farmhash.lib" />
    <Library Include="tf\Release64\giflib.lib" />
    <Library Include="tf\Release64\highwayhash.lib" />
    <Library Include="tf\Release64\jsoncpp.lib" />
    <Library Include="tf\Release64\libprotoc.lib" />
    <Library Include="tf\Release64\png12.lib" />
    <Library Include="tf\Release64\zlib.lib" />
    <Library Include="tf\Release64\zlibstatic.lib" />
  </ItemGroup>
  <ItemGroup>
    <ClInclude Include="main_game_interface.h">
      <Filter>Source Files</Filter>
    </ClInclude>
  </ItemGroup>
</Project>